// !$*UTF8*$!
{
	archiveVersion = 1;
	classes = {
	};
	objectVersion = 46;
	objects = {

/* Begin PBXBuildFile section */
		08683E6018C764860088B665 /* GenericSoSelfieButtonWithOptionalSubtitle.m in Sources */ = {isa = PBXBuildFile; fileRef = 08683E5F18C764860088B665 /* GenericSoSelfieButtonWithOptionalSubtitle.m */; };
		08683E6318C77F4D0088B665 /* track_background@2x.png in Resources */ = {isa = PBXBuildFile; fileRef = 08683E6118C77F4D0088B665 /* track_background@2x.png */; };
		08683E6418C77F4D0088B665 /* track@2x.png in Resources */ = {isa = PBXBuildFile; fileRef = 08683E6218C77F4D0088B665 /* track@2x.png */; };
		08683E7618C787FA0088B665 /* slider_square@2x.png in Resources */ = {isa = PBXBuildFile; fileRef = 08683E7518C787FA0088B665 /* slider_square@2x.png */; };
		08ECE36218C5D22700650753 /* ConnectToFacebookViewController.m in Sources */ = {isa = PBXBuildFile; fileRef = 08ECE31E18C5D22700650753 /* ConnectToFacebookViewController.m */; };
		08ECE36318C5D22700650753 /* DropDownMenu.m in Sources */ = {isa = PBXBuildFile; fileRef = 08ECE32018C5D22700650753 /* DropDownMenu.m */; };
		08ECE36418C5D22700650753 /* KeepItOrTryAgainViewController.m in Sources */ = {isa = PBXBuildFile; fileRef = 08ECE32218C5D22700650753 /* KeepItOrTryAgainViewController.m */; };
		08ECE36518C5D22700650753 /* MainSwipeMenuController.m in Sources */ = {isa = PBXBuildFile; fileRef = 08ECE32418C5D22700650753 /* MainSwipeMenuController.m */; };
		08ECE36618C5D22700650753 /* MasterViewController.m in Sources */ = {isa = PBXBuildFile; fileRef = 08ECE32618C5D22700650753 /* MasterViewController.m */; };
		08ECE36F18C5D22700650753 /* slider_square_test@2x.png in Resources */ = {isa = PBXBuildFile; fileRef = 08ECE33218C5D22700650753 /* slider_square_test@2x.png */; };
		08ECE38318C5D22700650753 /* NMRangeSlider.m in Sources */ = {isa = PBXBuildFile; fileRef = 08ECE34918C5D22700650753 /* NMRangeSlider.m */; };
		08ECE38418C5D22700650753 /* RankingButtonWithSubtitle.m in Sources */ = {isa = PBXBuildFile; fileRef = 08ECE34B18C5D22700650753 /* RankingButtonWithSubtitle.m */; };
		08ECE38518C5D22700650753 /* RatingButtonsViewController.m in Sources */ = {isa = PBXBuildFile; fileRef = 08ECE34D18C5D22700650753 /* RatingButtonsViewController.m */; };
		08ECE38618C5D22700650753 /* SelfiesCollectionViewCell.m in Sources */ = {isa = PBXBuildFile; fileRef = 08ECE34F18C5D22700650753 /* SelfiesCollectionViewCell.m */; };
		08ECE38718C5D22700650753 /* ShootOneViewController.m in Sources */ = {isa = PBXBuildFile; fileRef = 08ECE35118C5D22700650753 /* ShootOneViewController.m */; };
		08ECE38818C5D22700650753 /* SwipeMenuButton.m in Sources */ = {isa = PBXBuildFile; fileRef = 08ECE35318C5D22700650753 /* SwipeMenuButton.m */; };
		08ECE38918C5D22700650753 /* TabBarView.m in Sources */ = {isa = PBXBuildFile; fileRef = 08ECE35518C5D22700650753 /* TabBarView.m */; };
		08ECE38A18C5D22700650753 /* TopChartCollectionViewCell.m in Sources */ = {isa = PBXBuildFile; fileRef = 08ECE35718C5D22700650753 /* TopChartCollectionViewCell.m */; };
		08ECE38B18C5D22700650753 /* ViewController.m in Sources */ = {isa = PBXBuildFile; fileRef = 08ECE35918C5D22700650753 /* ViewController.m */; };
		08ECE38D18C5D22700650753 /* VoteCollectionViewCell.m in Sources */ = {isa = PBXBuildFile; fileRef = 08ECE35D18C5D22700650753 /* VoteCollectionViewCell.m */; };
		08ECE38E18C5D22700650753 /* VoteViewController.m in Sources */ = {isa = PBXBuildFile; fileRef = 08ECE35F18C5D22700650753 /* VoteViewController.m */; };
		08ECE38F18C5D22700650753 /* YourSelfiesController.m in Sources */ = {isa = PBXBuildFile; fileRef = 08ECE36118C5D22700650753 /* YourSelfiesController.m */; };
		08ECE39818C5D23800650753 /* iphone5_shootbutton@2x.png in Resources */ = {isa = PBXBuildFile; fileRef = 08ECE39118C5D23800650753 /* iphone5_shootbutton@2x.png */; };
		08ECE39918C5D23800650753 /* iphone5_shootbuttonHOVER@2x.png in Resources */ = {isa = PBXBuildFile; fileRef = 08ECE39218C5D23800650753 /* iphone5_shootbuttonHOVER@2x.png */; };
		08ECE39A18C5D23800650753 /* logo@2x.png in Resources */ = {isa = PBXBuildFile; fileRef = 08ECE39318C5D23800650753 /* logo@2x.png */; };
		08ECE39B18C5D23800650753 /* MyriadPro-Bold.otf in Resources */ = {isa = PBXBuildFile; fileRef = 08ECE39418C5D23800650753 /* MyriadPro-Bold.otf */; };
		08ECE39C18C5D23800650753 /* scottish@2x.jpeg in Resources */ = {isa = PBXBuildFile; fileRef = 08ECE39518C5D23800650753 /* scottish@2x.jpeg */; };
		08ECE39D18C5D23800650753 /* slidebutton@2x.png in Resources */ = {isa = PBXBuildFile; fileRef = 08ECE39618C5D23800650753 /* slidebutton@2x.png */; };
		08ECE39E18C5D23800650753 /* Tondu_Beta.otf in Resources */ = {isa = PBXBuildFile; fileRef = 08ECE39718C5D23800650753 /* Tondu_Beta.otf */; };
		08ECE3A118C607CF00650753 /* SSMacros.m in Sources */ = {isa = PBXBuildFile; fileRef = 08ECE3A018C607CF00650753 /* SSMacros.m */; };
		08ECE3A318C6258F00650753 /* FacebookSDK.framework in Frameworks */ = {isa = PBXBuildFile; fileRef = 08ECE3A218C6258F00650753 /* FacebookSDK.framework */; };
		08ECE3A618C63B6F00650753 /* iphone4_shootButton_HOVER@x.png in Resources */ = {isa = PBXBuildFile; fileRef = 08ECE3A418C63B6F00650753 /* iphone4_shootButton_HOVER@x.png */; };
		08ECE3A718C63B6F00650753 /* iphone4_shootbutton@2x.png in Resources */ = {isa = PBXBuildFile; fileRef = 08ECE3A518C63B6F00650753 /* iphone4_shootbutton@2x.png */; };
		89000E9318B3594400C32CA8 /* Foundation.framework in Frameworks */ = {isa = PBXBuildFile; fileRef = 89000E9218B3594400C32CA8 /* Foundation.framework */; };
		89000E9518B3594400C32CA8 /* CoreGraphics.framework in Frameworks */ = {isa = PBXBuildFile; fileRef = 89000E9418B3594400C32CA8 /* CoreGraphics.framework */; };
		89000E9718B3594400C32CA8 /* UIKit.framework in Frameworks */ = {isa = PBXBuildFile; fileRef = 89000E9618B3594400C32CA8 /* UIKit.framework */; };
		89000E9D18B3594400C32CA8 /* InfoPlist.strings in Resources */ = {isa = PBXBuildFile; fileRef = 89000E9B18B3594400C32CA8 /* InfoPlist.strings */; };
		89000E9F18B3594400C32CA8 /* main.m in Sources */ = {isa = PBXBuildFile; fileRef = 89000E9E18B3594400C32CA8 /* main.m */; };
		89000EA318B3594400C32CA8 /* AppDelegate.m in Sources */ = {isa = PBXBuildFile; fileRef = 89000EA218B3594400C32CA8 /* AppDelegate.m */; };
		89000EA518B3594400C32CA8 /* Images.xcassets in Resources */ = {isa = PBXBuildFile; fileRef = 89000EA418B3594400C32CA8 /* Images.xcassets */; };
		89000EAC18B3594400C32CA8 /* XCTest.framework in Frameworks */ = {isa = PBXBuildFile; fileRef = 89000EAB18B3594400C32CA8 /* XCTest.framework */; };
		89000EAD18B3594400C32CA8 /* Foundation.framework in Frameworks */ = {isa = PBXBuildFile; fileRef = 89000E9218B3594400C32CA8 /* Foundation.framework */; };
		89000EAE18B3594400C32CA8 /* UIKit.framework in Frameworks */ = {isa = PBXBuildFile; fileRef = 89000E9618B3594400C32CA8 /* UIKit.framework */; };
		89000EB618B3594400C32CA8 /* InfoPlist.strings in Resources */ = {isa = PBXBuildFile; fileRef = 89000EB418B3594400C32CA8 /* InfoPlist.strings */; };
		89000EB818B3594400C32CA8 /* soselfieTests.m in Sources */ = {isa = PBXBuildFile; fileRef = 89000EB718B3594400C32CA8 /* soselfieTests.m */; };
		8909BDA118BCE7CD00A08963 /* RootOwnSelfiesView.m in Sources */ = {isa = PBXBuildFile; fileRef = 8909BDA018BCE7CD00A08963 /* RootOwnSelfiesView.m */; };
		8909BDA418BCE9C000A08963 /* RootOwnSelfiesViewCell.m in Sources */ = {isa = PBXBuildFile; fileRef = 8909BDA318BCE9C000A08963 /* RootOwnSelfiesViewCell.m */; };
		890CC64518C0A87200F0072F /* RootVoteSelfieView.m in Sources */ = {isa = PBXBuildFile; fileRef = 890CC64418C0A87200F0072F /* RootVoteSelfieView.m */; };
		890CC64818C0BFEC00F0072F /* RootAgesPickerView.m in Sources */ = {isa = PBXBuildFile; fileRef = 890CC64718C0BFEC00F0072F /* RootAgesPickerView.m */; };
		890CC64B18C0E48900F0072F /* RootPictureTakerView.m in Sources */ = {isa = PBXBuildFile; fileRef = 890CC64A18C0E48900F0072F /* RootPictureTakerView.m */; };
		890CC65018C0E67D00F0072F /* AVFoundation.framework in Frameworks */ = {isa = PBXBuildFile; fileRef = 890CC64C18C0E67D00F0072F /* AVFoundation.framework */; };
		890CC65118C0E67D00F0072F /* CoreMedia.framework in Frameworks */ = {isa = PBXBuildFile; fileRef = 890CC64D18C0E67D00F0072F /* CoreMedia.framework */; };
		890CC65218C0E67D00F0072F /* CoreVideo.framework in Frameworks */ = {isa = PBXBuildFile; fileRef = 890CC64E18C0E67D00F0072F /* CoreVideo.framework */; };
		890CC65318C0E67D00F0072F /* QuartzCore.framework in Frameworks */ = {isa = PBXBuildFile; fileRef = 890CC64F18C0E67D00F0072F /* QuartzCore.framework */; };
		890CC65618C0EE0200F0072F /* UIImageExtras.m in Sources */ = {isa = PBXBuildFile; fileRef = 890CC65518C0EE0200F0072F /* UIImageExtras.m */; };
		890E1DA218B618D400F2CFAE /* TYGURLLoader.m in Sources */ = {isa = PBXBuildFile; fileRef = 890E1D9F18B618D400F2CFAE /* TYGURLLoader.m */; };
		890E1DA318B618D400F2CFAE /* TYGURLManager.m in Sources */ = {isa = PBXBuildFile; fileRef = 890E1DA118B618D400F2CFAE /* TYGURLManager.m */; };
		89200EEB18B7985F00EB75E5 /* Base64.m in Sources */ = {isa = PBXBuildFile; fileRef = 89200EEA18B7985F00EB75E5 /* Base64.m */; };
		894FDDB318C635B900C2AD26 /* ShootOneCameraView.m in Sources */ = {isa = PBXBuildFile; fileRef = 894FDDB218C635B900C2AD26 /* ShootOneCameraView.m */; };
		8956F80C18C5E74300322D6C /* VoteButtonVIew.m in Sources */ = {isa = PBXBuildFile; fileRef = 8956F80B18C5E74300322D6C /* VoteButtonVIew.m */; };
		8968798B18B36E4400C48085 /* RootViewController.m in Sources */ = {isa = PBXBuildFile; fileRef = 8968798A18B36E4400C48085 /* RootViewController.m */; };
		8968798F18B3B7B400C48085 /* SSAPI.m in Sources */ = {isa = PBXBuildFile; fileRef = 8968798E18B3B7B400C48085 /* SSAPI.m */; };
		89786F3718C615070058A156 /* VoteCollectionViewFlowLayout.m in Sources */ = {isa = PBXBuildFile; fileRef = 89786F3618C615070058A156 /* VoteCollectionViewFlowLayout.m */; };
		89786F3918C61D030058A156 /* universalselfiepreview_shadow.png in Resources */ = {isa = PBXBuildFile; fileRef = 89786F3818C61D030058A156 /* universalselfiepreview_shadow.png */; };
/* End PBXBuildFile section */

/* Begin PBXContainerItemProxy section */
		89000EAF18B3594400C32CA8 /* PBXContainerItemProxy */ = {
			isa = PBXContainerItemProxy;
			containerPortal = 89000E8718B3594400C32CA8 /* Project object */;
			proxyType = 1;
			remoteGlobalIDString = 89000E8E18B3594400C32CA8;
			remoteInfo = soselfie;
		};
/* End PBXContainerItemProxy section */

/* Begin PBXFileReference section */
		08683E5E18C764860088B665 /* GenericSoSelfieButtonWithOptionalSubtitle.h */ = {isa = PBXFileReference; fileEncoding = 4; lastKnownFileType = sourcecode.c.h; name = GenericSoSelfieButtonWithOptionalSubtitle.h; path = View/GenericSoSelfieButtonWithOptionalSubtitle.h; sourceTree = "<group>"; };
		08683E5F18C764860088B665 /* GenericSoSelfieButtonWithOptionalSubtitle.m */ = {isa = PBXFileReference; fileEncoding = 4; lastKnownFileType = sourcecode.c.objc; name = GenericSoSelfieButtonWithOptionalSubtitle.m; path = View/GenericSoSelfieButtonWithOptionalSubtitle.m; sourceTree = "<group>"; };
		08683E6118C77F4D0088B665 /* track_background@2x.png */ = {isa = PBXFileReference; lastKnownFileType = image.png; path = "track_background@2x.png"; sourceTree = "<group>"; };
		08683E6218C77F4D0088B665 /* track@2x.png */ = {isa = PBXFileReference; lastKnownFileType = image.png; path = "track@2x.png"; sourceTree = "<group>"; };
		08683E7518C787FA0088B665 /* slider_square@2x.png */ = {isa = PBXFileReference; lastKnownFileType = image.png; path = "slider_square@2x.png"; sourceTree = "<group>"; };
		08ECE31D18C5D22700650753 /* ConnectToFacebookViewController.h */ = {isa = PBXFileReference; fileEncoding = 4; lastKnownFileType = sourcecode.c.h; name = ConnectToFacebookViewController.h; path = View/ConnectToFacebookViewController.h; sourceTree = "<group>"; };
		08ECE31E18C5D22700650753 /* ConnectToFacebookViewController.m */ = {isa = PBXFileReference; fileEncoding = 4; lastKnownFileType = sourcecode.c.objc; name = ConnectToFacebookViewController.m; path = View/ConnectToFacebookViewController.m; sourceTree = "<group>"; };
		08ECE31F18C5D22700650753 /* DropDownMenu.h */ = {isa = PBXFileReference; fileEncoding = 4; lastKnownFileType = sourcecode.c.h; name = DropDownMenu.h; path = View/DropDownMenu.h; sourceTree = "<group>"; };
		08ECE32018C5D22700650753 /* DropDownMenu.m */ = {isa = PBXFileReference; fileEncoding = 4; lastKnownFileType = sourcecode.c.objc; name = DropDownMenu.m; path = View/DropDownMenu.m; sourceTree = "<group>"; };
		08ECE32118C5D22700650753 /* KeepItOrTryAgainViewController.h */ = {isa = PBXFileReference; fileEncoding = 4; lastKnownFileType = sourcecode.c.h; name = KeepItOrTryAgainViewController.h; path = View/KeepItOrTryAgainViewController.h; sourceTree = "<group>"; };
		08ECE32218C5D22700650753 /* KeepItOrTryAgainViewController.m */ = {isa = PBXFileReference; fileEncoding = 4; lastKnownFileType = sourcecode.c.objc; name = KeepItOrTryAgainViewController.m; path = View/KeepItOrTryAgainViewController.m; sourceTree = "<group>"; };
		08ECE32318C5D22700650753 /* MainSwipeMenuController.h */ = {isa = PBXFileReference; fileEncoding = 4; lastKnownFileType = sourcecode.c.h; name = MainSwipeMenuController.h; path = View/MainSwipeMenuController.h; sourceTree = "<group>"; };
		08ECE32418C5D22700650753 /* MainSwipeMenuController.m */ = {isa = PBXFileReference; fileEncoding = 4; lastKnownFileType = sourcecode.c.objc; name = MainSwipeMenuController.m; path = View/MainSwipeMenuController.m; sourceTree = "<group>"; };
		08ECE32518C5D22700650753 /* MasterViewController.h */ = {isa = PBXFileReference; fileEncoding = 4; lastKnownFileType = sourcecode.c.h; name = MasterViewController.h; path = View/MasterViewController.h; sourceTree = "<group>"; };
		08ECE32618C5D22700650753 /* MasterViewController.m */ = {isa = PBXFileReference; fileEncoding = 4; lastKnownFileType = sourcecode.c.objc; name = MasterViewController.m; path = View/MasterViewController.m; sourceTree = "<group>"; };
		08ECE33218C5D22700650753 /* slider_square_test@2x.png */ = {isa = PBXFileReference; lastKnownFileType = image.png; path = "slider_square_test@2x.png"; sourceTree = "<group>"; };
		08ECE34818C5D22700650753 /* NMRangeSlider.h */ = {isa = PBXFileReference; fileEncoding = 4; lastKnownFileType = sourcecode.c.h; path = NMRangeSlider.h; sourceTree = "<group>"; };
		08ECE34918C5D22700650753 /* NMRangeSlider.m */ = {isa = PBXFileReference; fileEncoding = 4; lastKnownFileType = sourcecode.c.objc; path = NMRangeSlider.m; sourceTree = "<group>"; };
		08ECE34A18C5D22700650753 /* RankingButtonWithSubtitle.h */ = {isa = PBXFileReference; fileEncoding = 4; lastKnownFileType = sourcecode.c.h; name = RankingButtonWithSubtitle.h; path = View/RankingButtonWithSubtitle.h; sourceTree = "<group>"; };
		08ECE34B18C5D22700650753 /* RankingButtonWithSubtitle.m */ = {isa = PBXFileReference; fileEncoding = 4; lastKnownFileType = sourcecode.c.objc; name = RankingButtonWithSubtitle.m; path = View/RankingButtonWithSubtitle.m; sourceTree = "<group>"; };
		08ECE34C18C5D22700650753 /* RatingButtonsViewController.h */ = {isa = PBXFileReference; fileEncoding = 4; lastKnownFileType = sourcecode.c.h; name = RatingButtonsViewController.h; path = View/RatingButtonsViewController.h; sourceTree = "<group>"; };
		08ECE34D18C5D22700650753 /* RatingButtonsViewController.m */ = {isa = PBXFileReference; fileEncoding = 4; lastKnownFileType = sourcecode.c.objc; name = RatingButtonsViewController.m; path = View/RatingButtonsViewController.m; sourceTree = "<group>"; };
		08ECE34E18C5D22700650753 /* SelfiesCollectionViewCell.h */ = {isa = PBXFileReference; fileEncoding = 4; lastKnownFileType = sourcecode.c.h; name = SelfiesCollectionViewCell.h; path = View/SelfiesCollectionViewCell.h; sourceTree = "<group>"; };
		08ECE34F18C5D22700650753 /* SelfiesCollectionViewCell.m */ = {isa = PBXFileReference; fileEncoding = 4; lastKnownFileType = sourcecode.c.objc; name = SelfiesCollectionViewCell.m; path = View/SelfiesCollectionViewCell.m; sourceTree = "<group>"; };
		08ECE35018C5D22700650753 /* ShootOneViewController.h */ = {isa = PBXFileReference; fileEncoding = 4; lastKnownFileType = sourcecode.c.h; name = ShootOneViewController.h; path = View/ShootOneViewController.h; sourceTree = "<group>"; };
		08ECE35118C5D22700650753 /* ShootOneViewController.m */ = {isa = PBXFileReference; fileEncoding = 4; lastKnownFileType = sourcecode.c.objc; name = ShootOneViewController.m; path = View/ShootOneViewController.m; sourceTree = "<group>"; };
		08ECE35218C5D22700650753 /* SwipeMenuButton.h */ = {isa = PBXFileReference; fileEncoding = 4; lastKnownFileType = sourcecode.c.h; name = SwipeMenuButton.h; path = View/SwipeMenuButton.h; sourceTree = "<group>"; };
		08ECE35318C5D22700650753 /* SwipeMenuButton.m */ = {isa = PBXFileReference; fileEncoding = 4; lastKnownFileType = sourcecode.c.objc; name = SwipeMenuButton.m; path = View/SwipeMenuButton.m; sourceTree = "<group>"; };
		08ECE35418C5D22700650753 /* TabBarView.h */ = {isa = PBXFileReference; fileEncoding = 4; lastKnownFileType = sourcecode.c.h; name = TabBarView.h; path = View/TabBarView.h; sourceTree = "<group>"; };
		08ECE35518C5D22700650753 /* TabBarView.m */ = {isa = PBXFileReference; fileEncoding = 4; lastKnownFileType = sourcecode.c.objc; name = TabBarView.m; path = View/TabBarView.m; sourceTree = "<group>"; };
		08ECE35618C5D22700650753 /* TopChartCollectionViewCell.h */ = {isa = PBXFileReference; fileEncoding = 4; lastKnownFileType = sourcecode.c.h; name = TopChartCollectionViewCell.h; path = View/TopChartCollectionViewCell.h; sourceTree = "<group>"; };
		08ECE35718C5D22700650753 /* TopChartCollectionViewCell.m */ = {isa = PBXFileReference; fileEncoding = 4; lastKnownFileType = sourcecode.c.objc; name = TopChartCollectionViewCell.m; path = View/TopChartCollectionViewCell.m; sourceTree = "<group>"; };
		08ECE35818C5D22700650753 /* ViewController.h */ = {isa = PBXFileReference; fileEncoding = 4; lastKnownFileType = sourcecode.c.h; name = ViewController.h; path = View/ViewController.h; sourceTree = "<group>"; };
		08ECE35918C5D22700650753 /* ViewController.m */ = {isa = PBXFileReference; fileEncoding = 4; lastKnownFileType = sourcecode.c.objc; name = ViewController.m; path = View/ViewController.m; sourceTree = "<group>"; };
		08ECE35C18C5D22700650753 /* VoteCollectionViewCell.h */ = {isa = PBXFileReference; fileEncoding = 4; lastKnownFileType = sourcecode.c.h; name = VoteCollectionViewCell.h; path = View/VoteCollectionViewCell.h; sourceTree = "<group>"; };
		08ECE35D18C5D22700650753 /* VoteCollectionViewCell.m */ = {isa = PBXFileReference; fileEncoding = 4; lastKnownFileType = sourcecode.c.objc; name = VoteCollectionViewCell.m; path = View/VoteCollectionViewCell.m; sourceTree = "<group>"; };
		08ECE35E18C5D22700650753 /* VoteViewController.h */ = {isa = PBXFileReference; fileEncoding = 4; lastKnownFileType = sourcecode.c.h; name = VoteViewController.h; path = View/VoteViewController.h; sourceTree = "<group>"; };
		08ECE35F18C5D22700650753 /* VoteViewController.m */ = {isa = PBXFileReference; fileEncoding = 4; lastKnownFileType = sourcecode.c.objc; name = VoteViewController.m; path = View/VoteViewController.m; sourceTree = "<group>"; };
		08ECE36018C5D22700650753 /* YourSelfiesController.h */ = {isa = PBXFileReference; fileEncoding = 4; lastKnownFileType = sourcecode.c.h; name = YourSelfiesController.h; path = View/YourSelfiesController.h; sourceTree = "<group>"; };
		08ECE36118C5D22700650753 /* YourSelfiesController.m */ = {isa = PBXFileReference; fileEncoding = 4; lastKnownFileType = sourcecode.c.objc; name = YourSelfiesController.m; path = View/YourSelfiesController.m; sourceTree = "<group>"; };
		08ECE39118C5D23800650753 /* iphone5_shootbutton@2x.png */ = {isa = PBXFileReference; lastKnownFileType = image.png; path = "iphone5_shootbutton@2x.png"; sourceTree = "<group>"; };
		08ECE39218C5D23800650753 /* iphone5_shootbuttonHOVER@2x.png */ = {isa = PBXFileReference; lastKnownFileType = image.png; path = "iphone5_shootbuttonHOVER@2x.png"; sourceTree = "<group>"; };
		08ECE39318C5D23800650753 /* logo@2x.png */ = {isa = PBXFileReference; lastKnownFileType = image.png; path = "logo@2x.png"; sourceTree = "<group>"; };
		08ECE39418C5D23800650753 /* MyriadPro-Bold.otf */ = {isa = PBXFileReference; lastKnownFileType = file; path = "MyriadPro-Bold.otf"; sourceTree = "<group>"; };
		08ECE39518C5D23800650753 /* scottish@2x.jpeg */ = {isa = PBXFileReference; lastKnownFileType = image.jpeg; path = "scottish@2x.jpeg"; sourceTree = "<group>"; };
		08ECE39618C5D23800650753 /* slidebutton@2x.png */ = {isa = PBXFileReference; lastKnownFileType = image.png; path = "slidebutton@2x.png"; sourceTree = "<group>"; };
		08ECE39718C5D23800650753 /* Tondu_Beta.otf */ = {isa = PBXFileReference; lastKnownFileType = file; path = Tondu_Beta.otf; sourceTree = "<group>"; };
		08ECE39F18C607CF00650753 /* SSMacros.h */ = {isa = PBXFileReference; fileEncoding = 4; lastKnownFileType = sourcecode.c.h; name = SSMacros.h; path = View/SSMacros.h; sourceTree = "<group>"; };
		08ECE3A018C607CF00650753 /* SSMacros.m */ = {isa = PBXFileReference; fileEncoding = 4; lastKnownFileType = sourcecode.c.objc; name = SSMacros.m; path = View/SSMacros.m; sourceTree = "<group>"; };
		08ECE3A218C6258F00650753 /* FacebookSDK.framework */ = {isa = PBXFileReference; lastKnownFileType = wrapper.framework; name = FacebookSDK.framework; path = soselfie/Facebook/FacebookSDK.framework; sourceTree = "<group>"; };
		08ECE3A418C63B6F00650753 /* iphone4_shootButton_HOVER@x.png */ = {isa = PBXFileReference; lastKnownFileType = image.png; path = "iphone4_shootButton_HOVER@x.png"; sourceTree = "<group>"; };
		08ECE3A518C63B6F00650753 /* iphone4_shootbutton@2x.png */ = {isa = PBXFileReference; lastKnownFileType = image.png; path = "iphone4_shootbutton@2x.png"; sourceTree = "<group>"; };
		89000E8F18B3594400C32CA8 /* soselfie.app */ = {isa = PBXFileReference; explicitFileType = wrapper.application; includeInIndex = 0; path = soselfie.app; sourceTree = BUILT_PRODUCTS_DIR; };
		89000E9218B3594400C32CA8 /* Foundation.framework */ = {isa = PBXFileReference; lastKnownFileType = wrapper.framework; name = Foundation.framework; path = System/Library/Frameworks/Foundation.framework; sourceTree = SDKROOT; };
		89000E9418B3594400C32CA8 /* CoreGraphics.framework */ = {isa = PBXFileReference; lastKnownFileType = wrapper.framework; name = CoreGraphics.framework; path = System/Library/Frameworks/CoreGraphics.framework; sourceTree = SDKROOT; };
		89000E9618B3594400C32CA8 /* UIKit.framework */ = {isa = PBXFileReference; lastKnownFileType = wrapper.framework; name = UIKit.framework; path = System/Library/Frameworks/UIKit.framework; sourceTree = SDKROOT; };
		89000E9A18B3594400C32CA8 /* soselfie-Info.plist */ = {isa = PBXFileReference; lastKnownFileType = text.plist.xml; path = "soselfie-Info.plist"; sourceTree = "<group>"; };
		89000E9C18B3594400C32CA8 /* en */ = {isa = PBXFileReference; lastKnownFileType = text.plist.strings; name = en; path = en.lproj/InfoPlist.strings; sourceTree = "<group>"; };
		89000E9E18B3594400C32CA8 /* main.m */ = {isa = PBXFileReference; lastKnownFileType = sourcecode.c.objc; path = main.m; sourceTree = "<group>"; };
		89000EA018B3594400C32CA8 /* soselfie-Prefix.pch */ = {isa = PBXFileReference; lastKnownFileType = sourcecode.c.h; path = "soselfie-Prefix.pch"; sourceTree = "<group>"; };
		89000EA118B3594400C32CA8 /* AppDelegate.h */ = {isa = PBXFileReference; lastKnownFileType = sourcecode.c.h; path = AppDelegate.h; sourceTree = "<group>"; };
		89000EA218B3594400C32CA8 /* AppDelegate.m */ = {isa = PBXFileReference; lastKnownFileType = sourcecode.c.objc; path = AppDelegate.m; sourceTree = "<group>"; };
		89000EA418B3594400C32CA8 /* Images.xcassets */ = {isa = PBXFileReference; lastKnownFileType = folder.assetcatalog; path = Images.xcassets; sourceTree = "<group>"; };
		89000EAA18B3594400C32CA8 /* soselfieTests.xctest */ = {isa = PBXFileReference; explicitFileType = wrapper.cfbundle; includeInIndex = 0; path = soselfieTests.xctest; sourceTree = BUILT_PRODUCTS_DIR; };
		89000EAB18B3594400C32CA8 /* XCTest.framework */ = {isa = PBXFileReference; lastKnownFileType = wrapper.framework; name = XCTest.framework; path = Library/Frameworks/XCTest.framework; sourceTree = DEVELOPER_DIR; };
		89000EB318B3594400C32CA8 /* soselfieTests-Info.plist */ = {isa = PBXFileReference; lastKnownFileType = text.plist.xml; path = "soselfieTests-Info.plist"; sourceTree = "<group>"; };
		89000EB518B3594400C32CA8 /* en */ = {isa = PBXFileReference; lastKnownFileType = text.plist.strings; name = en; path = en.lproj/InfoPlist.strings; sourceTree = "<group>"; };
		89000EB718B3594400C32CA8 /* soselfieTests.m */ = {isa = PBXFileReference; lastKnownFileType = sourcecode.c.objc; path = soselfieTests.m; sourceTree = "<group>"; };
		8909BD9F18BCE7CD00A08963 /* RootOwnSelfiesView.h */ = {isa = PBXFileReference; fileEncoding = 4; lastKnownFileType = sourcecode.c.h; name = RootOwnSelfiesView.h; path = View/RootOwnSelfiesView.h; sourceTree = "<group>"; };
		8909BDA018BCE7CD00A08963 /* RootOwnSelfiesView.m */ = {isa = PBXFileReference; fileEncoding = 4; lastKnownFileType = sourcecode.c.objc; name = RootOwnSelfiesView.m; path = View/RootOwnSelfiesView.m; sourceTree = "<group>"; };
		8909BDA218BCE9C000A08963 /* RootOwnSelfiesViewCell.h */ = {isa = PBXFileReference; fileEncoding = 4; lastKnownFileType = sourcecode.c.h; name = RootOwnSelfiesViewCell.h; path = View/RootOwnSelfiesViewCell.h; sourceTree = "<group>"; };
		8909BDA318BCE9C000A08963 /* RootOwnSelfiesViewCell.m */ = {isa = PBXFileReference; fileEncoding = 4; lastKnownFileType = sourcecode.c.objc; name = RootOwnSelfiesViewCell.m; path = View/RootOwnSelfiesViewCell.m; sourceTree = "<group>"; };
		890CC64318C0A87200F0072F /* RootVoteSelfieView.h */ = {isa = PBXFileReference; fileEncoding = 4; lastKnownFileType = sourcecode.c.h; name = RootVoteSelfieView.h; path = View/RootVoteSelfieView.h; sourceTree = "<group>"; };
		890CC64418C0A87200F0072F /* RootVoteSelfieView.m */ = {isa = PBXFileReference; fileEncoding = 4; lastKnownFileType = sourcecode.c.objc; name = RootVoteSelfieView.m; path = View/RootVoteSelfieView.m; sourceTree = "<group>"; };
		890CC64618C0BFEC00F0072F /* RootAgesPickerView.h */ = {isa = PBXFileReference; fileEncoding = 4; lastKnownFileType = sourcecode.c.h; name = RootAgesPickerView.h; path = View/RootAgesPickerView.h; sourceTree = "<group>"; };
		890CC64718C0BFEC00F0072F /* RootAgesPickerView.m */ = {isa = PBXFileReference; fileEncoding = 4; lastKnownFileType = sourcecode.c.objc; name = RootAgesPickerView.m; path = View/RootAgesPickerView.m; sourceTree = "<group>"; };
		890CC64918C0E48900F0072F /* RootPictureTakerView.h */ = {isa = PBXFileReference; fileEncoding = 4; lastKnownFileType = sourcecode.c.h; name = RootPictureTakerView.h; path = View/RootPictureTakerView.h; sourceTree = "<group>"; };
		890CC64A18C0E48900F0072F /* RootPictureTakerView.m */ = {isa = PBXFileReference; fileEncoding = 4; lastKnownFileType = sourcecode.c.objc; name = RootPictureTakerView.m; path = View/RootPictureTakerView.m; sourceTree = "<group>"; };
		890CC64C18C0E67D00F0072F /* AVFoundation.framework */ = {isa = PBXFileReference; lastKnownFileType = wrapper.framework; name = AVFoundation.framework; path = System/Library/Frameworks/AVFoundation.framework; sourceTree = SDKROOT; };
		890CC64D18C0E67D00F0072F /* CoreMedia.framework */ = {isa = PBXFileReference; lastKnownFileType = wrapper.framework; name = CoreMedia.framework; path = System/Library/Frameworks/CoreMedia.framework; sourceTree = SDKROOT; };
		890CC64E18C0E67D00F0072F /* CoreVideo.framework */ = {isa = PBXFileReference; lastKnownFileType = wrapper.framework; name = CoreVideo.framework; path = System/Library/Frameworks/CoreVideo.framework; sourceTree = SDKROOT; };
		890CC64F18C0E67D00F0072F /* QuartzCore.framework */ = {isa = PBXFileReference; lastKnownFileType = wrapper.framework; name = QuartzCore.framework; path = System/Library/Frameworks/QuartzCore.framework; sourceTree = SDKROOT; };
		890CC65418C0EE0200F0072F /* UIImageExtras.h */ = {isa = PBXFileReference; fileEncoding = 4; lastKnownFileType = sourcecode.c.h; name = UIImageExtras.h; path = API/UIImageExtras.h; sourceTree = "<group>"; };
		890CC65518C0EE0200F0072F /* UIImageExtras.m */ = {isa = PBXFileReference; fileEncoding = 4; lastKnownFileType = sourcecode.c.objc; name = UIImageExtras.m; path = API/UIImageExtras.m; sourceTree = "<group>"; };
		890E1D9D18B618D400F2CFAE /* TYGURL.h */ = {isa = PBXFileReference; fileEncoding = 4; lastKnownFileType = sourcecode.c.h; name = TYGURL.h; path = API/TYGURL.h; sourceTree = "<group>"; };
		890E1D9E18B618D400F2CFAE /* TYGURLLoader.h */ = {isa = PBXFileReference; fileEncoding = 4; lastKnownFileType = sourcecode.c.h; name = TYGURLLoader.h; path = API/TYGURLLoader.h; sourceTree = "<group>"; };
		890E1D9F18B618D400F2CFAE /* TYGURLLoader.m */ = {isa = PBXFileReference; fileEncoding = 4; lastKnownFileType = sourcecode.c.objc; name = TYGURLLoader.m; path = API/TYGURLLoader.m; sourceTree = "<group>"; };
		890E1DA018B618D400F2CFAE /* TYGURLManager.h */ = {isa = PBXFileReference; fileEncoding = 4; lastKnownFileType = sourcecode.c.h; name = TYGURLManager.h; path = API/TYGURLManager.h; sourceTree = "<group>"; };
		890E1DA118B618D400F2CFAE /* TYGURLManager.m */ = {isa = PBXFileReference; fileEncoding = 4; lastKnownFileType = sourcecode.c.objc; name = TYGURLManager.m; path = API/TYGURLManager.m; sourceTree = "<group>"; };
		89200EE918B7985F00EB75E5 /* Base64.h */ = {isa = PBXFileReference; fileEncoding = 4; lastKnownFileType = sourcecode.c.h; name = Base64.h; path = API/Base64.h; sourceTree = "<group>"; };
		89200EEA18B7985F00EB75E5 /* Base64.m */ = {isa = PBXFileReference; fileEncoding = 4; lastKnownFileType = sourcecode.c.objc; name = Base64.m; path = API/Base64.m; sourceTree = "<group>"; };
		894FDDB118C635B900C2AD26 /* ShootOneCameraView.h */ = {isa = PBXFileReference; fileEncoding = 4; lastKnownFileType = sourcecode.c.h; name = ShootOneCameraView.h; path = View/ShootOneCameraView.h; sourceTree = "<group>"; };
		894FDDB218C635B900C2AD26 /* ShootOneCameraView.m */ = {isa = PBXFileReference; fileEncoding = 4; lastKnownFileType = sourcecode.c.objc; name = ShootOneCameraView.m; path = View/ShootOneCameraView.m; sourceTree = "<group>"; };
		8956F80A18C5E74300322D6C /* VoteButtonView.h */ = {isa = PBXFileReference; fileEncoding = 4; lastKnownFileType = sourcecode.c.h; name = VoteButtonView.h; path = View/VoteButtonView.h; sourceTree = "<group>"; };
		8956F80B18C5E74300322D6C /* VoteButtonVIew.m */ = {isa = PBXFileReference; fileEncoding = 4; lastKnownFileType = sourcecode.c.objc; name = VoteButtonVIew.m; path = View/VoteButtonVIew.m; sourceTree = "<group>"; };
		8968798918B36E4400C48085 /* RootViewController.h */ = {isa = PBXFileReference; fileEncoding = 4; lastKnownFileType = sourcecode.c.h; name = RootViewController.h; path = View/RootViewController.h; sourceTree = "<group>"; };
		8968798A18B36E4400C48085 /* RootViewController.m */ = {isa = PBXFileReference; fileEncoding = 4; lastKnownFileType = sourcecode.c.objc; name = RootViewController.m; path = View/RootViewController.m; sourceTree = "<group>"; };
		8968798D18B3B7B400C48085 /* SSAPI.h */ = {isa = PBXFileReference; fileEncoding = 4; lastKnownFileType = sourcecode.c.h; name = SSAPI.h; path = API/SSAPI.h; sourceTree = "<group>"; };
		8968798E18B3B7B400C48085 /* SSAPI.m */ = {isa = PBXFileReference; fileEncoding = 4; lastKnownFileType = sourcecode.c.objc; name = SSAPI.m; path = API/SSAPI.m; sourceTree = "<group>"; };
		89786F3518C615070058A156 /* VoteCollectionViewFlowLayout.h */ = {isa = PBXFileReference; fileEncoding = 4; lastKnownFileType = sourcecode.c.h; name = VoteCollectionViewFlowLayout.h; path = View/VoteCollectionViewFlowLayout.h; sourceTree = "<group>"; };
		89786F3618C615070058A156 /* VoteCollectionViewFlowLayout.m */ = {isa = PBXFileReference; fileEncoding = 4; lastKnownFileType = sourcecode.c.objc; name = VoteCollectionViewFlowLayout.m; path = View/VoteCollectionViewFlowLayout.m; sourceTree = "<group>"; };
		89786F3818C61D030058A156 /* universalselfiepreview_shadow.png */ = {isa = PBXFileReference; lastKnownFileType = image.png; path = universalselfiepreview_shadow.png; sourceTree = "<group>"; };
/* End PBXFileReference section */

/* Begin PBXFrameworksBuildPhase section */
		89000E8C18B3594400C32CA8 /* Frameworks */ = {
			isa = PBXFrameworksBuildPhase;
			buildActionMask = 2147483647;
			files = (
				890CC65018C0E67D00F0072F /* AVFoundation.framework in Frameworks */,
				890CC65118C0E67D00F0072F /* CoreMedia.framework in Frameworks */,
				890CC65218C0E67D00F0072F /* CoreVideo.framework in Frameworks */,
				890CC65318C0E67D00F0072F /* QuartzCore.framework in Frameworks */,
				89000E9518B3594400C32CA8 /* CoreGraphics.framework in Frameworks */,
				08ECE3A318C6258F00650753 /* FacebookSDK.framework in Frameworks */,
				89000E9718B3594400C32CA8 /* UIKit.framework in Frameworks */,
				89000E9318B3594400C32CA8 /* Foundation.framework in Frameworks */,
			);
			runOnlyForDeploymentPostprocessing = 0;
		};
		89000EA718B3594400C32CA8 /* Frameworks */ = {
			isa = PBXFrameworksBuildPhase;
			buildActionMask = 2147483647;
			files = (
				89000EAC18B3594400C32CA8 /* XCTest.framework in Frameworks */,
				89000EAE18B3594400C32CA8 /* UIKit.framework in Frameworks */,
				89000EAD18B3594400C32CA8 /* Foundation.framework in Frameworks */,
			);
			runOnlyForDeploymentPostprocessing = 0;
		};
/* End PBXFrameworksBuildPhase section */

/* Begin PBXGroup section */
		08ECE31C18C5D07E00650753 /* temp */ = {
			isa = PBXGroup;
			children = (
				8968798918B36E4400C48085 /* RootViewController.h */,
				8968798A18B36E4400C48085 /* RootViewController.m */,
				890CC64918C0E48900F0072F /* RootPictureTakerView.h */,
				890CC64A18C0E48900F0072F /* RootPictureTakerView.m */,
				890CC64618C0BFEC00F0072F /* RootAgesPickerView.h */,
				890CC64718C0BFEC00F0072F /* RootAgesPickerView.m */,
				890CC64318C0A87200F0072F /* RootVoteSelfieView.h */,
				890CC64418C0A87200F0072F /* RootVoteSelfieView.m */,
				8909BD9F18BCE7CD00A08963 /* RootOwnSelfiesView.h */,
				8909BDA018BCE7CD00A08963 /* RootOwnSelfiesView.m */,
				8909BDA218BCE9C000A08963 /* RootOwnSelfiesViewCell.h */,
				8909BDA318BCE9C000A08963 /* RootOwnSelfiesViewCell.m */,
			);
			name = temp;
			sourceTree = "<group>";
		};
		08ECE32718C5D22700650753 /* NMRangeSlider */ = {
			isa = PBXGroup;
			children = (
				08ECE32818C5D22700650753 /* DefaultTheme */,
				08ECE34818C5D22700650753 /* NMRangeSlider.h */,
				08ECE34918C5D22700650753 /* NMRangeSlider.m */,
			);
			name = NMRangeSlider;
			path = View/NMRangeSlider;
			sourceTree = "<group>";
		};
		08ECE32818C5D22700650753 /* DefaultTheme */ = {
			isa = PBXGroup;
			children = (
				08683E7518C787FA0088B665 /* slider_square@2x.png */,
				08683E6118C77F4D0088B665 /* track_background@2x.png */,
				08683E6218C77F4D0088B665 /* track@2x.png */,
				08ECE33218C5D22700650753 /* slider_square_test@2x.png */,
			);
			path = DefaultTheme;
			sourceTree = "<group>";
		};
		08ECE39018C5D23800650753 /* images */ = {
			isa = PBXGroup;
			children = (
				08ECE3A418C63B6F00650753 /* iphone4_shootButton_HOVER@x.png */,
				08ECE3A518C63B6F00650753 /* iphone4_shootbutton@2x.png */,
				89786F3818C61D030058A156 /* universalselfiepreview_shadow.png */,
				08ECE39118C5D23800650753 /* iphone5_shootbutton@2x.png */,
				08ECE39218C5D23800650753 /* iphone5_shootbuttonHOVER@2x.png */,
				08ECE39318C5D23800650753 /* logo@2x.png */,
				08ECE39418C5D23800650753 /* MyriadPro-Bold.otf */,
				08ECE39518C5D23800650753 /* scottish@2x.jpeg */,
				08ECE39618C5D23800650753 /* slidebutton@2x.png */,
				08ECE39718C5D23800650753 /* Tondu_Beta.otf */,
			);
			path = images;
			sourceTree = "<group>";
		};
		89000E8618B3594400C32CA8 = {
			isa = PBXGroup;
			children = (
				89000E9818B3594400C32CA8 /* soselfie */,
				89000EB118B3594400C32CA8 /* soselfieTests */,
				89000E9118B3594400C32CA8 /* Frameworks */,
				89000E9018B3594400C32CA8 /* Products */,
			);
			sourceTree = "<group>";
		};
		89000E9018B3594400C32CA8 /* Products */ = {
			isa = PBXGroup;
			children = (
				89000E8F18B3594400C32CA8 /* soselfie.app */,
				89000EAA18B3594400C32CA8 /* soselfieTests.xctest */,
			);
			name = Products;
			sourceTree = "<group>";
		};
		89000E9118B3594400C32CA8 /* Frameworks */ = {
			isa = PBXGroup;
			children = (
				08ECE3A218C6258F00650753 /* FacebookSDK.framework */,
				890CC64C18C0E67D00F0072F /* AVFoundation.framework */,
				890CC64D18C0E67D00F0072F /* CoreMedia.framework */,
				890CC64E18C0E67D00F0072F /* CoreVideo.framework */,
				890CC64F18C0E67D00F0072F /* QuartzCore.framework */,
				89000E9218B3594400C32CA8 /* Foundation.framework */,
				89000E9418B3594400C32CA8 /* CoreGraphics.framework */,
				89000E9618B3594400C32CA8 /* UIKit.framework */,
				89000EAB18B3594400C32CA8 /* XCTest.framework */,
			);
			name = Frameworks;
			sourceTree = "<group>";
		};
		89000E9818B3594400C32CA8 /* soselfie */ = {
			isa = PBXGroup;
			children = (
				08ECE39018C5D23800650753 /* images */,
				89000EA118B3594400C32CA8 /* AppDelegate.h */,
				89000EA218B3594400C32CA8 /* AppDelegate.m */,
				08ECE39F18C607CF00650753 /* SSMacros.h */,
				08ECE3A018C607CF00650753 /* SSMacros.m */,
				8968798C18B36E4900C48085 /* View */,
				8968798618B36A8800C48085 /* API */,
				89000EA418B3594400C32CA8 /* Images.xcassets */,
				89000E9918B3594400C32CA8 /* Supporting Files */,
			);
			path = soselfie;
			sourceTree = "<group>";
		};
		89000E9918B3594400C32CA8 /* Supporting Files */ = {
			isa = PBXGroup;
			children = (
				89000E9A18B3594400C32CA8 /* soselfie-Info.plist */,
				89000E9B18B3594400C32CA8 /* InfoPlist.strings */,
				89000E9E18B3594400C32CA8 /* main.m */,
				89000EA018B3594400C32CA8 /* soselfie-Prefix.pch */,
			);
			name = "Supporting Files";
			sourceTree = "<group>";
		};
		89000EB118B3594400C32CA8 /* soselfieTests */ = {
			isa = PBXGroup;
			children = (
				89000EB718B3594400C32CA8 /* soselfieTests.m */,
				89000EB218B3594400C32CA8 /* Supporting Files */,
			);
			path = soselfieTests;
			sourceTree = "<group>";
		};
		89000EB218B3594400C32CA8 /* Supporting Files */ = {
			isa = PBXGroup;
			children = (
				89000EB318B3594400C32CA8 /* soselfieTests-Info.plist */,
				89000EB418B3594400C32CA8 /* InfoPlist.strings */,
			);
			name = "Supporting Files";
			sourceTree = "<group>";
		};
		8968798618B36A8800C48085 /* API */ = {
			isa = PBXGroup;
			children = (
				8968798D18B3B7B400C48085 /* SSAPI.h */,
				8968798E18B3B7B400C48085 /* SSAPI.m */,
				890E1D9D18B618D400F2CFAE /* TYGURL.h */,
				890E1D9E18B618D400F2CFAE /* TYGURLLoader.h */,
				890E1D9F18B618D400F2CFAE /* TYGURLLoader.m */,
				890E1DA018B618D400F2CFAE /* TYGURLManager.h */,
				890E1DA118B618D400F2CFAE /* TYGURLManager.m */,
				89200EE918B7985F00EB75E5 /* Base64.h */,
				89200EEA18B7985F00EB75E5 /* Base64.m */,
				890CC65418C0EE0200F0072F /* UIImageExtras.h */,
				890CC65518C0EE0200F0072F /* UIImageExtras.m */,
			);
			name = API;
			sourceTree = "<group>";
		};
		8968798C18B36E4900C48085 /* View */ = {
			isa = PBXGroup;
			children = (
				08ECE32518C5D22700650753 /* MasterViewController.h */,
				08ECE32618C5D22700650753 /* MasterViewController.m */,
				08ECE31D18C5D22700650753 /* ConnectToFacebookViewController.h */,
				08ECE31E18C5D22700650753 /* ConnectToFacebookViewController.m */,
				08ECE31F18C5D22700650753 /* DropDownMenu.h */,
				08ECE32018C5D22700650753 /* DropDownMenu.m */,
				08ECE32118C5D22700650753 /* KeepItOrTryAgainViewController.h */,
				08ECE32218C5D22700650753 /* KeepItOrTryAgainViewController.m */,
				08ECE32318C5D22700650753 /* MainSwipeMenuController.h */,
				08ECE32418C5D22700650753 /* MainSwipeMenuController.m */,
				08ECE32718C5D22700650753 /* NMRangeSlider */,
				08ECE34A18C5D22700650753 /* RankingButtonWithSubtitle.h */,
				08ECE34B18C5D22700650753 /* RankingButtonWithSubtitle.m */,
				08683E5E18C764860088B665 /* GenericSoSelfieButtonWithOptionalSubtitle.h */,
				08683E5F18C764860088B665 /* GenericSoSelfieButtonWithOptionalSubtitle.m */,
				08ECE34C18C5D22700650753 /* RatingButtonsViewController.h */,
				08ECE34D18C5D22700650753 /* RatingButtonsViewController.m */,
				08ECE34E18C5D22700650753 /* SelfiesCollectionViewCell.h */,
				08ECE34F18C5D22700650753 /* SelfiesCollectionViewCell.m */,
				08ECE35018C5D22700650753 /* ShootOneViewController.h */,
				08ECE35118C5D22700650753 /* ShootOneViewController.m */,
				894FDDB118C635B900C2AD26 /* ShootOneCameraView.h */,
				894FDDB218C635B900C2AD26 /* ShootOneCameraView.m */,
				08ECE35218C5D22700650753 /* SwipeMenuButton.h */,
				08ECE35318C5D22700650753 /* SwipeMenuButton.m */,
				08ECE35418C5D22700650753 /* TabBarView.h */,
				08ECE35518C5D22700650753 /* TabBarView.m */,
				08ECE35618C5D22700650753 /* TopChartCollectionViewCell.h */,
				08ECE35718C5D22700650753 /* TopChartCollectionViewCell.m */,
				08ECE35818C5D22700650753 /* ViewController.h */,
				08ECE35918C5D22700650753 /* ViewController.m */,
				08ECE35E18C5D22700650753 /* VoteViewController.h */,
				08ECE35F18C5D22700650753 /* VoteViewController.m */,
				89786F3518C615070058A156 /* VoteCollectionViewFlowLayout.h */,
				89786F3618C615070058A156 /* VoteCollectionViewFlowLayout.m */,
				08ECE35C18C5D22700650753 /* VoteCollectionViewCell.h */,
				08ECE35D18C5D22700650753 /* VoteCollectionViewCell.m */,
				8956F80A18C5E74300322D6C /* VoteButtonView.h */,
				8956F80B18C5E74300322D6C /* VoteButtonVIew.m */,
				08ECE36018C5D22700650753 /* YourSelfiesController.h */,
				08ECE36118C5D22700650753 /* YourSelfiesController.m */,
				08ECE31C18C5D07E00650753 /* temp */,
			);
			name = View;
			sourceTree = "<group>";
		};
/* End PBXGroup section */

/* Begin PBXNativeTarget section */
		89000E8E18B3594400C32CA8 /* soselfie */ = {
			isa = PBXNativeTarget;
			buildConfigurationList = 89000EBB18B3594400C32CA8 /* Build configuration list for PBXNativeTarget "soselfie" */;
			buildPhases = (
				89000E8B18B3594400C32CA8 /* Sources */,
				89000E8C18B3594400C32CA8 /* Frameworks */,
				89000E8D18B3594400C32CA8 /* Resources */,
			);
			buildRules = (
			);
			dependencies = (
			);
			name = soselfie;
			productName = soselfie;
			productReference = 89000E8F18B3594400C32CA8 /* soselfie.app */;
			productType = "com.apple.product-type.application";
		};
		89000EA918B3594400C32CA8 /* soselfieTests */ = {
			isa = PBXNativeTarget;
			buildConfigurationList = 89000EBE18B3594400C32CA8 /* Build configuration list for PBXNativeTarget "soselfieTests" */;
			buildPhases = (
				89000EA618B3594400C32CA8 /* Sources */,
				89000EA718B3594400C32CA8 /* Frameworks */,
				89000EA818B3594400C32CA8 /* Resources */,
			);
			buildRules = (
			);
			dependencies = (
				89000EB018B3594400C32CA8 /* PBXTargetDependency */,
			);
			name = soselfieTests;
			productName = soselfieTests;
			productReference = 89000EAA18B3594400C32CA8 /* soselfieTests.xctest */;
			productType = "com.apple.product-type.bundle.unit-test";
		};
/* End PBXNativeTarget section */

/* Begin PBXProject section */
		89000E8718B3594400C32CA8 /* Project object */ = {
			isa = PBXProject;
			attributes = {
				LastUpgradeCheck = 0500;
				ORGANIZATIONNAME = "TYG Digital";
				TargetAttributes = {
					89000EA918B3594400C32CA8 = {
						TestTargetID = 89000E8E18B3594400C32CA8;
					};
				};
			};
			buildConfigurationList = 89000E8A18B3594400C32CA8 /* Build configuration list for PBXProject "soselfie" */;
			compatibilityVersion = "Xcode 3.2";
			developmentRegion = English;
			hasScannedForEncodings = 0;
			knownRegions = (
				en,
			);
			mainGroup = 89000E8618B3594400C32CA8;
			productRefGroup = 89000E9018B3594400C32CA8 /* Products */;
			projectDirPath = "";
			projectRoot = "";
			targets = (
				89000E8E18B3594400C32CA8 /* soselfie */,
				89000EA918B3594400C32CA8 /* soselfieTests */,
			);
		};
/* End PBXProject section */

/* Begin PBXResourcesBuildPhase section */
		89000E8D18B3594400C32CA8 /* Resources */ = {
			isa = PBXResourcesBuildPhase;
			buildActionMask = 2147483647;
			files = (
				89786F3918C61D030058A156 /* universalselfiepreview_shadow.png in Resources */,
				08ECE39D18C5D23800650753 /* slidebutton@2x.png in Resources */,
				08ECE39918C5D23800650753 /* iphone5_shootbuttonHOVER@2x.png in Resources */,
				08ECE39A18C5D23800650753 /* logo@2x.png in Resources */,
				08683E7618C787FA0088B665 /* slider_square@2x.png in Resources */,
				08ECE39B18C5D23800650753 /* MyriadPro-Bold.otf in Resources */,
				08ECE3A718C63B6F00650753 /* iphone4_shootbutton@2x.png in Resources */,
				08ECE39E18C5D23800650753 /* Tondu_Beta.otf in Resources */,
				08ECE3A618C63B6F00650753 /* iphone4_shootButton_HOVER@x.png in Resources */,
				08ECE36F18C5D22700650753 /* slider_square_test@2x.png in Resources */,
				89000E9D18B3594400C32CA8 /* InfoPlist.strings in Resources */,
				08ECE39C18C5D23800650753 /* scottish@2x.jpeg in Resources */,
				08683E6418C77F4D0088B665 /* track@2x.png in Resources */,
				89000EA518B3594400C32CA8 /* Images.xcassets in Resources */,
				08683E6318C77F4D0088B665 /* track_background@2x.png in Resources */,
				08ECE39818C5D23800650753 /* iphone5_shootbutton@2x.png in Resources */,
			);
			runOnlyForDeploymentPostprocessing = 0;
		};
		89000EA818B3594400C32CA8 /* Resources */ = {
			isa = PBXResourcesBuildPhase;
			buildActionMask = 2147483647;
			files = (
				89000EB618B3594400C32CA8 /* InfoPlist.strings in Resources */,
			);
			runOnlyForDeploymentPostprocessing = 0;
		};
/* End PBXResourcesBuildPhase section */

/* Begin PBXSourcesBuildPhase section */
		89000E8B18B3594400C32CA8 /* Sources */ = {
			isa = PBXSourcesBuildPhase;
			buildActionMask = 2147483647;
			files = (
				08ECE38618C5D22700650753 /* SelfiesCollectionViewCell.m in Sources */,
				89200EEB18B7985F00EB75E5 /* Base64.m in Sources */,
				8909BDA418BCE9C000A08963 /* RootOwnSelfiesViewCell.m in Sources */,
				890E1DA218B618D400F2CFAE /* TYGURLLoader.m in Sources */,
				08ECE38318C5D22700650753 /* NMRangeSlider.m in Sources */,
				08ECE38918C5D22700650753 /* TabBarView.m in Sources */,
				08ECE38E18C5D22700650753 /* VoteViewController.m in Sources */,
				08ECE38818C5D22700650753 /* SwipeMenuButton.m in Sources */,
				08ECE38A18C5D22700650753 /* TopChartCollectionViewCell.m in Sources */,
				08ECE38F18C5D22700650753 /* YourSelfiesController.m in Sources */,
				08ECE38418C5D22700650753 /* RankingButtonWithSubtitle.m in Sources */,
				08ECE38D18C5D22700650753 /* VoteCollectionViewCell.m in Sources */,
				08ECE38B18C5D22700650753 /* ViewController.m in Sources */,
				89000EA318B3594400C32CA8 /* AppDelegate.m in Sources */,
				89000E9F18B3594400C32CA8 /* main.m in Sources */,
				890CC65618C0EE0200F0072F /* UIImageExtras.m in Sources */,
				894FDDB318C635B900C2AD26 /* ShootOneCameraView.m in Sources */,
				08ECE3A118C607CF00650753 /* SSMacros.m in Sources */,
				8968798F18B3B7B400C48085 /* SSAPI.m in Sources */,
				08683E6018C764860088B665 /* GenericSoSelfieButtonWithOptionalSubtitle.m in Sources */,
				8909BDA118BCE7CD00A08963 /* RootOwnSelfiesView.m in Sources */,
				08ECE36418C5D22700650753 /* KeepItOrTryAgainViewController.m in Sources */,
				08ECE36218C5D22700650753 /* ConnectToFacebookViewController.m in Sources */,
				89786F3718C615070058A156 /* VoteCollectionViewFlowLayout.m in Sources */,
				08ECE38718C5D22700650753 /* ShootOneViewController.m in Sources */,
				8956F80C18C5E74300322D6C /* VoteButtonVIew.m in Sources */,
				08ECE36518C5D22700650753 /* MainSwipeMenuController.m in Sources */,
				890CC64818C0BFEC00F0072F /* RootAgesPickerView.m in Sources */,
				08ECE36318C5D22700650753 /* DropDownMenu.m in Sources */,
				890E1DA318B618D400F2CFAE /* TYGURLManager.m in Sources */,
				890CC64518C0A87200F0072F /* RootVoteSelfieView.m in Sources */,
				8968798B18B36E4400C48085 /* RootViewController.m in Sources */,
				08ECE38518C5D22700650753 /* RatingButtonsViewController.m in Sources */,
				08ECE36618C5D22700650753 /* MasterViewController.m in Sources */,
				890CC64B18C0E48900F0072F /* RootPictureTakerView.m in Sources */,
			);
			runOnlyForDeploymentPostprocessing = 0;
		};
		89000EA618B3594400C32CA8 /* Sources */ = {
			isa = PBXSourcesBuildPhase;
			buildActionMask = 2147483647;
			files = (
				89000EB818B3594400C32CA8 /* soselfieTests.m in Sources */,
			);
			runOnlyForDeploymentPostprocessing = 0;
		};
/* End PBXSourcesBuildPhase section */

/* Begin PBXTargetDependency section */
		89000EB018B3594400C32CA8 /* PBXTargetDependency */ = {
			isa = PBXTargetDependency;
			target = 89000E8E18B3594400C32CA8 /* soselfie */;
			targetProxy = 89000EAF18B3594400C32CA8 /* PBXContainerItemProxy */;
		};
/* End PBXTargetDependency section */

/* Begin PBXVariantGroup section */
		89000E9B18B3594400C32CA8 /* InfoPlist.strings */ = {
			isa = PBXVariantGroup;
			children = (
				89000E9C18B3594400C32CA8 /* en */,
			);
			name = InfoPlist.strings;
			sourceTree = "<group>";
		};
		89000EB418B3594400C32CA8 /* InfoPlist.strings */ = {
			isa = PBXVariantGroup;
			children = (
				89000EB518B3594400C32CA8 /* en */,
			);
			name = InfoPlist.strings;
			sourceTree = "<group>";
		};
/* End PBXVariantGroup section */

/* Begin XCBuildConfiguration section */
		89000EB918B3594400C32CA8 /* Debug */ = {
			isa = XCBuildConfiguration;
			buildSettings = {
				ALWAYS_SEARCH_USER_PATHS = NO;
				ARCHS = "$(ARCHS_STANDARD_INCLUDING_64_BIT)";
				CLANG_CXX_LANGUAGE_STANDARD = "gnu++0x";
				CLANG_CXX_LIBRARY = "libc++";
				CLANG_ENABLE_MODULES = YES;
				CLANG_ENABLE_OBJC_ARC = YES;
				CLANG_WARN_BOOL_CONVERSION = YES;
				CLANG_WARN_CONSTANT_CONVERSION = YES;
				CLANG_WARN_DIRECT_OBJC_ISA_USAGE = YES_ERROR;
				CLANG_WARN_EMPTY_BODY = YES;
				CLANG_WARN_ENUM_CONVERSION = YES;
				CLANG_WARN_INT_CONVERSION = YES;
				CLANG_WARN_OBJC_ROOT_CLASS = YES_ERROR;
				CLANG_WARN__DUPLICATE_METHOD_MATCH = YES;
				"CODE_SIGN_IDENTITY[sdk=iphoneos*]" = "iPhone Developer";
				COPY_PHASE_STRIP = NO;
				GCC_C_LANGUAGE_STANDARD = gnu99;
				GCC_DYNAMIC_NO_PIC = NO;
				GCC_OPTIMIZATION_LEVEL = 0;
				GCC_PREPROCESSOR_DEFINITIONS = (
					"DEBUG=1",
					"$(inherited)",
				);
				GCC_SYMBOLS_PRIVATE_EXTERN = NO;
				GCC_WARN_64_TO_32_BIT_CONVERSION = YES;
				GCC_WARN_ABOUT_RETURN_TYPE = YES_ERROR;
				GCC_WARN_UNDECLARED_SELECTOR = YES;
				GCC_WARN_UNINITIALIZED_AUTOS = YES;
				GCC_WARN_UNUSED_FUNCTION = YES;
				GCC_WARN_UNUSED_VARIABLE = YES;
				IPHONEOS_DEPLOYMENT_TARGET = 7.0;
				ONLY_ACTIVE_ARCH = YES;
				SDKROOT = iphoneos;
				TARGETED_DEVICE_FAMILY = "1,2";
			};
			name = Debug;
		};
		89000EBA18B3594400C32CA8 /* Release */ = {
			isa = XCBuildConfiguration;
			buildSettings = {
				ALWAYS_SEARCH_USER_PATHS = NO;
				ARCHS = "$(ARCHS_STANDARD_INCLUDING_64_BIT)";
				CLANG_CXX_LANGUAGE_STANDARD = "gnu++0x";
				CLANG_CXX_LIBRARY = "libc++";
				CLANG_ENABLE_MODULES = YES;
				CLANG_ENABLE_OBJC_ARC = YES;
				CLANG_WARN_BOOL_CONVERSION = YES;
				CLANG_WARN_CONSTANT_CONVERSION = YES;
				CLANG_WARN_DIRECT_OBJC_ISA_USAGE = YES_ERROR;
				CLANG_WARN_EMPTY_BODY = YES;
				CLANG_WARN_ENUM_CONVERSION = YES;
				CLANG_WARN_INT_CONVERSION = YES;
				CLANG_WARN_OBJC_ROOT_CLASS = YES_ERROR;
				CLANG_WARN__DUPLICATE_METHOD_MATCH = YES;
				"CODE_SIGN_IDENTITY[sdk=iphoneos*]" = "iPhone Developer";
				COPY_PHASE_STRIP = YES;
				ENABLE_NS_ASSERTIONS = NO;
				GCC_C_LANGUAGE_STANDARD = gnu99;
				GCC_WARN_64_TO_32_BIT_CONVERSION = YES;
				GCC_WARN_ABOUT_RETURN_TYPE = YES_ERROR;
				GCC_WARN_UNDECLARED_SELECTOR = YES;
				GCC_WARN_UNINITIALIZED_AUTOS = YES;
				GCC_WARN_UNUSED_FUNCTION = YES;
				GCC_WARN_UNUSED_VARIABLE = YES;
				IPHONEOS_DEPLOYMENT_TARGET = 7.0;
				SDKROOT = iphoneos;
				TARGETED_DEVICE_FAMILY = "1,2";
				VALIDATE_PRODUCT = YES;
			};
			name = Release;
		};
		89000EBC18B3594400C32CA8 /* Debug */ = {
			isa = XCBuildConfiguration;
			buildSettings = {
				ASSETCATALOG_COMPILER_APPICON_NAME = AppIcon;
				ASSETCATALOG_COMPILER_LAUNCHIMAGE_NAME = LaunchImage;
				FRAMEWORK_SEARCH_PATHS = (
					"$(inherited)",
					"/Users/tomvankruijsbergen/Desktop/Tom/SVN\\ Projects/So\\ Selfie/So\\ Selfie/soselfie/soselfie/Facebook",
					"/Users/tyg/Desktop/TYG/So-Selfie/soselfie/soselfie/Facebook",
				);
				GCC_PRECOMPILE_PREFIX_HEADER = YES;
				GCC_PREFIX_HEADER = "soselfie/soselfie-Prefix.pch";
				INFOPLIST_FILE = "soselfie/soselfie-Info.plist";
				IPHONEOS_DEPLOYMENT_TARGET = 6.0;
				PRODUCT_NAME = "$(TARGET_NAME)";
				TARGETED_DEVICE_FAMILY = 1;
				WRAPPER_EXTENSION = app;
			};
			name = Debug;
		};
		89000EBD18B3594400C32CA8 /* Release */ = {
			isa = XCBuildConfiguration;
			buildSettings = {
				ASSETCATALOG_COMPILER_APPICON_NAME = AppIcon;
				ASSETCATALOG_COMPILER_LAUNCHIMAGE_NAME = LaunchImage;
				FRAMEWORK_SEARCH_PATHS = (
					"$(inherited)",
					"/Users/tomvankruijsbergen/Desktop/Tom/SVN\\ Projects/So\\ Selfie/So\\ Selfie/soselfie/soselfie/Facebook",
					"/Users/tyg/Desktop/TYG/So-Selfie/soselfie/soselfie/Facebook",
				);
				GCC_PRECOMPILE_PREFIX_HEADER = YES;
				GCC_PREFIX_HEADER = "soselfie/soselfie-Prefix.pch";
				INFOPLIST_FILE = "soselfie/soselfie-Info.plist";
				IPHONEOS_DEPLOYMENT_TARGET = 6.0;
				PRODUCT_NAME = "$(TARGET_NAME)";
				TARGETED_DEVICE_FAMILY = 1;
				WRAPPER_EXTENSION = app;
			};
			name = Release;
		};
		89000EBF18B3594400C32CA8 /* Debug */ = {
			isa = XCBuildConfiguration;
			buildSettings = {
				ARCHS = "$(ARCHS_STANDARD_INCLUDING_64_BIT)";
				BUNDLE_LOADER = "$(BUILT_PRODUCTS_DIR)/soselfie.app/soselfie";
				FRAMEWORK_SEARCH_PATHS = (
					"$(SDKROOT)/Developer/Library/Frameworks",
					"$(inherited)",
					"$(DEVELOPER_FRAMEWORKS_DIR)",
				);
				GCC_PRECOMPILE_PREFIX_HEADER = YES;
				GCC_PREFIX_HEADER = "soselfie/soselfie-Prefix.pch";
				GCC_PREPROCESSOR_DEFINITIONS = (
					"DEBUG=1",
					"$(inherited)",
				);
				INFOPLIST_FILE = "soselfieTests/soselfieTests-Info.plist";
				PRODUCT_NAME = "$(TARGET_NAME)";
				TEST_HOST = "$(BUNDLE_LOADER)";
				WRAPPER_EXTENSION = xctest;
			};
			name = Debug;
		};
		89000EC018B3594400C32CA8 /* Release */ = {
			isa = XCBuildConfiguration;
			buildSettings = {
				ARCHS = "$(ARCHS_STANDARD_INCLUDING_64_BIT)";
				BUNDLE_LOADER = "$(BUILT_PRODUCTS_DIR)/soselfie.app/soselfie";
				FRAMEWORK_SEARCH_PATHS = (
					"$(SDKROOT)/Developer/Library/Frameworks",
					"$(inherited)",
					"$(DEVELOPER_FRAMEWORKS_DIR)",
				);
				GCC_PRECOMPILE_PREFIX_HEADER = YES;
				GCC_PREFIX_HEADER = "soselfie/soselfie-Prefix.pch";
				INFOPLIST_FILE = "soselfieTests/soselfieTests-Info.plist";
				PRODUCT_NAME = "$(TARGET_NAME)";
				TEST_HOST = "$(BUNDLE_LOADER)";
				WRAPPER_EXTENSION = xctest;
			};
			name = Release;
		};
/* End XCBuildConfiguration section */

/* Begin XCConfigurationList section */
		89000E8A18B3594400C32CA8 /* Build configuration list for PBXProject "soselfie" */ = {
			isa = XCConfigurationList;
			buildConfigurations = (
				89000EB918B3594400C32CA8 /* Debug */,
				89000EBA18B3594400C32CA8 /* Release */,
			);
			defaultConfigurationIsVisible = 0;
			defaultConfigurationName = Release;
		};
		89000EBB18B3594400C32CA8 /* Build configuration list for PBXNativeTarget "soselfie" */ = {
			isa = XCConfigurationList;
			buildConfigurations = (
				89000EBC18B3594400C32CA8 /* Debug */,
				89000EBD18B3594400C32CA8 /* Release */,
			);
			defaultConfigurationIsVisible = 0;
			defaultConfigurationName = Release;
		};
		89000EBE18B3594400C32CA8 /* Build configuration list for PBXNativeTarget "soselfieTests" */ = {
			isa = XCConfigurationList;
			buildConfigurations = (
				89000EBF18B3594400C32CA8 /* Debug */,
				89000EC018B3594400C32CA8 /* Release */,
			);
			defaultConfigurationIsVisible = 0;
			defaultConfigurationName = Release;
		};
/* End XCConfigurationList section */
	};
	rootObject = 89000E8718B3594400C32CA8 /* Project object */;
}
